
Microsoft Visual Studio Solution File, Format Version 12.00
# Visual Studio 15
VisualStudioVersion = 15.0.28307.168
MinimumVisualStudioVersion = 10.0.40219.1
Project("{FAE04EC0-301F-11D3-BF4B-00C04F79EFBC}") = "Xa11ytaire.Android", "Xa11ytaire\Xa11ytaire.Android\Xa11ytaire.Android.csproj", "{CF88D1B8-2BEC-4C3A-8725-E3BE7E58FD6B}"
EndProject
Project("{FAE04EC0-301F-11D3-BF4B-00C04F79EFBC}") = "Xa11ytaire.iOS", "Xa11ytaire\Xa11ytaire.iOS\Xa11ytaire.iOS.csproj", "{FBAC7F6D-8C31-4BA5-9BD6-1E37C2029271}"
EndProject
Project("{FAE04EC0-301F-11D3-BF4B-00C04F79EFBC}") = "Xa11ytaire.UWP", "Xa11ytaire\Xa11ytaire.UWP\Xa11ytaire.UWP.csproj", "{F0B828E0-5E05-438F-BC2F-97E2289819A7}"
EndProject
Project("{9A19103F-16F7-4668-BE54-9A1E7A4F7556}") = "Xa11ytaire", "Xa11ytaire\Xa11ytaire\Xa11ytaire.csproj", "{36E4E111-4558-4F4B-B9F8-36B3759DFF1D}"
EndProject
Global
	GlobalSection(SolutionConfigurationPlatforms) = preSolution
		Ad-Hoc|Any CPU = Ad-Hoc|Any CPU
		Ad-Hoc|ARM = Ad-Hoc|ARM
		Ad-Hoc|iPhone = Ad-Hoc|iPhone
		Ad-Hoc|iPhoneSimulator = Ad-Hoc|iPhoneSimulator
		Ad-Hoc|x64 = Ad-Hoc|x64
		Ad-Hoc|x86 = Ad-Hoc|x86
		AppStore|Any CPU = AppStore|Any CPU
		AppStore|ARM = AppStore|ARM
		AppStore|iPhone = AppStore|iPhone
		AppStore|iPhoneSimulator = AppStore|iPhoneSimulator
		AppStore|x64 = AppStore|x64
		AppStore|x86 = AppStore|x86
		Debug|Any CPU = Debug|Any CPU
		Debug|ARM = Debug|ARM
		Debug|iPhone = Debug|iPhone
		Debug|iPhoneSimulator = Debug|iPhoneSimulator
		Debug|x64 = Debug|x64
		Debug|x86 = Debug|x86
		Release|Any CPU = Release|Any CPU
		Release|ARM = Release|ARM
		Release|iPhone = Release|iPhone
		Release|iPhoneSimulator = Release|iPhoneSimulator
		Release|x64 = Release|x64
		Release|x86 = Release|x86
	EndGlobalSection
	GlobalSection(ProjectConfigurationPlatforms) = postSolution
		{CF88D1B8-2BEC-4C3A-8725-E3BE7E58FD6B}.Ad-Hoc|Any CPU.ActiveCfg = Release|Any CPU
		{CF88D1B8-2BEC-4C3A-8725-E3BE7E58FD6B}.Ad-Hoc|Any CPU.Build.0 = Release|Any CPU
		{CF88D1B8-2BEC-4C3A-8725-E3BE7E58FD6B}.Ad-Hoc|Any CPU.Deploy.0 = Release|Any CPU
		{CF88D1B8-2BEC-4C3A-8725-E3BE7E58FD6B}.Ad-Hoc|ARM.ActiveCfg = Release|Any CPU
		{CF88D1B8-2BEC-4C3A-8725-E3BE7E58FD6B}.Ad-Hoc|ARM.Build.0 = Release|Any CPU
		{CF88D1B8-2BEC-4C3A-8725-E3BE7E58FD6B}.Ad-Hoc|ARM.Deploy.0 = Release|Any CPU
		{CF88D1B8-2BEC-4C3A-8725-E3BE7E58FD6B}.Ad-Hoc|iPhone.ActiveCfg = Release|Any CPU
		{CF88D1B8-2BEC-4C3A-8725-E3BE7E58FD6B}.Ad-Hoc|iPhone.Build.0 = Release|Any CPU
		{CF88D1B8-2BEC-4C3A-8725-E3BE7E58FD6B}.Ad-Hoc|iPhone.Deploy.0 = Release|Any CPU
		{CF88D1B8-2BEC-4C3A-8725-E3BE7E58FD6B}.Ad-Hoc|iPhoneSimulator.ActiveCfg = Release|Any CPU
		{CF88D1B8-2BEC-4C3A-8725-E3BE7E58FD6B}.Ad-Hoc|iPhoneSimulator.Build.0 = Release|Any CPU
		{CF88D1B8-2BEC-4C3A-8725-E3BE7E58FD6B}.Ad-Hoc|iPhoneSimulator.Deploy.0 = Release|Any CPU
		{CF88D1B8-2BEC-4C3A-8725-E3BE7E58FD6B}.Ad-Hoc|x64.ActiveCfg = Release|Any CPU
		{CF88D1B8-2BEC-4C3A-8725-E3BE7E58FD6B}.Ad-Hoc|x64.Build.0 = Release|Any CPU
		{CF88D1B8-2BEC-4C3A-8725-E3BE7E58FD6B}.Ad-Hoc|x64.Deploy.0 = Release|Any CPU
		{CF88D1B8-2BEC-4C3A-8725-E3BE7E58FD6B}.Ad-Hoc|x86.ActiveCfg = Release|Any CPU
		{CF88D1B8-2BEC-4C3A-8725-E3BE7E58FD6B}.Ad-Hoc|x86.Build.0 = Release|Any CPU
		{CF88D1B8-2BEC-4C3A-8725-E3BE7E58FD6B}.Ad-Hoc|x86.Deploy.0 = Release|Any CPU
		{CF88D1B8-2BEC-4C3A-8725-E3BE7E58FD6B}.AppStore|Any CPU.ActiveCfg = Release|Any CPU
		{CF88D1B8-2BEC-4C3A-8725-E3BE7E58FD6B}.AppStore|Any CPU.Build.0 = Release|Any CPU
		{CF88D1B8-2BEC-4C3A-8725-E3BE7E58FD6B}.AppStore|Any CPU.Deploy.0 = Release|Any CPU
		{CF88D1B8-2BEC-4C3A-8725-E3BE7E58FD6B}.AppStore|ARM.ActiveCfg = Release|Any CPU
		{CF88D1B8-2BEC-4C3A-8725-E3BE7E58FD6B}.AppStore|ARM.Build.0 = Release|Any CPU
		{CF88D1B8-2BEC-4C3A-8725-E3BE7E58FD6B}.AppStore|ARM.Deploy.0 = Release|Any CPU
		{CF88D1B8-2BEC-4C3A-8725-E3BE7E58FD6B}.AppStore|iPhone.ActiveCfg = Release|Any CPU
		{CF88D1B8-2BEC-4C3A-8725-E3BE7E58FD6B}.AppStore|iPhone.Build.0 = Release|Any CPU
		{CF88D1B8-2BEC-4C3A-8725-E3BE7E58FD6B}.AppStore|iPhone.Deploy.0 = Release|Any CPU
		{CF88D1B8-2BEC-4C3A-8725-E3BE7E58FD6B}.AppStore|iPhoneSimulator.ActiveCfg = Release|Any CPU
		{CF88D1B8-2BEC-4C3A-8725-E3BE7E58FD6B}.AppStore|iPhoneSimulator.Build.0 = Release|Any CPU
		{CF88D1B8-2BEC-4C3A-8725-E3BE7E58FD6B}.AppStore|iPhoneSimulator.Deploy.0 = Release|Any CPU
		{CF88D1B8-2BEC-4C3A-8725-E3BE7E58FD6B}.AppStore|x64.ActiveCfg = Release|Any CPU
		{CF88D1B8-2BEC-4C3A-8725-E3BE7E58FD6B}.AppStore|x64.Build.0 = Release|Any CPU
		{CF88D1B8-2BEC-4C3A-8725-E3BE7E58FD6B}.AppStore|x64.Deploy.0 = Release|Any CPU
		{CF88D1B8-2BEC-4C3A-8725-E3BE7E58FD6B}.AppStore|x86.ActiveCfg = Release|Any CPU
		{CF88D1B8-2BEC-4C3A-8725-E3BE7E58FD6B}.AppStore|x86.Build.0 = Release|Any CPU
		{CF88D1B8-2BEC-4C3A-8725-E3BE7E58FD6B}.AppStore|x86.Deploy.0 = Release|Any CPU
		{CF88D1B8-2BEC-4C3A-8725-E3BE7E58FD6B}.Debug|Any CPU.ActiveCfg = Debug|Any CPU
		{CF88D1B8-2BEC-4C3A-8725-E3BE7E58FD6B}.Debug|Any CPU.Build.0 = Debug|Any CPU
		{CF88D1B8-2BEC-4C3A-8725-E3BE7E58FD6B}.Debug|Any CPU.Deploy.0 = Debug|Any CPU
		{CF88D1B8-2BEC-4C3A-8725-E3BE7E58FD6B}.Debug|ARM.ActiveCfg = Debug|Any CPU
		{CF88D1B8-2BEC-4C3A-8725-E3BE7E58FD6B}.Debug|ARM.Build.0 = Debug|Any CPU
		{CF88D1B8-2BEC-4C3A-8725-E3BE7E58FD6B}.Debug|ARM.Deploy.0 = Debug|Any CPU
		{CF88D1B8-2BEC-4C3A-8725-E3BE7E58FD6B}.Debug|iPhone.ActiveCfg = Debug|Any CPU
		{CF88D1B8-2BEC-4C3A-8725-E3BE7E58FD6B}.Debug|iPhone.Build.0 = Debug|Any CPU
		{CF88D1B8-2BEC-4C3A-8725-E3BE7E58FD6B}.Debug|iPhone.Deploy.0 = Debug|Any CPU
		{CF88D1B8-2BEC-4C3A-8725-E3BE7E58FD6B}.Debug|iPhoneSimulator.ActiveCfg = Debug|Any CPU
		{CF88D1B8-2BEC-4C3A-8725-E3BE7E58FD6B}.Debug|iPhoneSimulator.Build.0 = Debug|Any CPU
		{CF88D1B8-2BEC-4C3A-8725-E3BE7E58FD6B}.Debug|iPhoneSimulator.Deploy.0 = Debug|Any CPU
		{CF88D1B8-2BEC-4C3A-8725-E3BE7E58FD6B}.Debug|x64.ActiveCfg = Debug|Any CPU
		{CF88D1B8-2BEC-4C3A-8725-E3BE7E58FD6B}.Debug|x64.Build.0 = Debug|Any CPU
		{CF88D1B8-2BEC-4C3A-8725-E3BE7E58FD6B}.Debug|x64.Deploy.0 = Debug|Any CPU
		{CF88D1B8-2BEC-4C3A-8725-E3BE7E58FD6B}.Debug|x86.ActiveCfg = Debug|Any CPU
		{CF88D1B8-2BEC-4C3A-8725-E3BE7E58FD6B}.Debug|x86.Build.0 = Debug|Any CPU
		{CF88D1B8-2BEC-4C3A-8725-E3BE7E58FD6B}.Debug|x86.Deploy.0 = Debug|Any CPU
		{CF88D1B8-2BEC-4C3A-8725-E3BE7E58FD6B}.Release|Any CPU.ActiveCfg = Release|Any CPU
		{CF88D1B8-2BEC-4C3A-8725-E3BE7E58FD6B}.Release|Any CPU.Build.0 = Release|Any CPU
		{CF88D1B8-2BEC-4C3A-8725-E3BE7E58FD6B}.Release|Any CPU.Deploy.0 = Release|Any CPU
		{CF88D1B8-2BEC-4C3A-8725-E3BE7E58FD6B}.Release|ARM.ActiveCfg = Release|Any CPU
		{CF88D1B8-2BEC-4C3A-8725-E3BE7E58FD6B}.Release|ARM.Build.0 = Release|Any CPU
		{CF88D1B8-2BEC-4C3A-8725-E3BE7E58FD6B}.Release|ARM.Deploy.0 = Release|Any CPU
		{CF88D1B8-2BEC-4C3A-8725-E3BE7E58FD6B}.Release|iPhone.ActiveCfg = Release|Any CPU
		{CF88D1B8-2BEC-4C3A-8725-E3BE7E58FD6B}.Release|iPhone.Build.0 = Release|Any CPU
		{CF88D1B8-2BEC-4C3A-8725-E3BE7E58FD6B}.Release|iPhone.Deploy.0 = Release|Any CPU
		{CF88D1B8-2BEC-4C3A-8725-E3BE7E58FD6B}.Release|iPhoneSimulator.ActiveCfg = Release|Any CPU
		{CF88D1B8-2BEC-4C3A-8725-E3BE7E58FD6B}.Release|iPhoneSimulator.Build.0 = Release|Any CPU
		{CF88D1B8-2BEC-4C3A-8725-E3BE7E58FD6B}.Release|iPhoneSimulator.Deploy.0 = Release|Any CPU
		{CF88D1B8-2BEC-4C3A-8725-E3BE7E58FD6B}.Release|x64.ActiveCfg = Release|Any CPU
		{CF88D1B8-2BEC-4C3A-8725-E3BE7E58FD6B}.Release|x64.Build.0 = Release|Any CPU
		{CF88D1B8-2BEC-4C3A-8725-E3BE7E58FD6B}.Release|x64.Deploy.0 = Release|Any CPU
		{CF88D1B8-2BEC-4C3A-8725-E3BE7E58FD6B}.Release|x86.ActiveCfg = Release|Any CPU
		{CF88D1B8-2BEC-4C3A-8725-E3BE7E58FD6B}.Release|x86.Build.0 = Release|Any CPU
		{CF88D1B8-2BEC-4C3A-8725-E3BE7E58FD6B}.Release|x86.Deploy.0 = Release|Any CPU
		{FBAC7F6D-8C31-4BA5-9BD6-1E37C2029271}.Ad-Hoc|Any CPU.ActiveCfg = Ad-Hoc|iPhone
		{FBAC7F6D-8C31-4BA5-9BD6-1E37C2029271}.Ad-Hoc|Any CPU.Build.0 = Ad-Hoc|iPhone
		{FBAC7F6D-8C31-4BA5-9BD6-1E37C2029271}.Ad-Hoc|Any CPU.Deploy.0 = Ad-Hoc|iPhone
		{FBAC7F6D-8C31-4BA5-9BD6-1E37C2029271}.Ad-Hoc|ARM.ActiveCfg = Ad-Hoc|iPhone
		{FBAC7F6D-8C31-4BA5-9BD6-1E37C2029271}.Ad-Hoc|ARM.Build.0 = Ad-Hoc|iPhone
		{FBAC7F6D-8C31-4BA5-9BD6-1E37C2029271}.Ad-Hoc|ARM.Deploy.0 = Ad-Hoc|iPhone
		{FBAC7F6D-8C31-4BA5-9BD6-1E37C2029271}.Ad-Hoc|iPhone.ActiveCfg = Ad-Hoc|iPhone
		{FBAC7F6D-8C31-4BA5-9BD6-1E37C2029271}.Ad-Hoc|iPhone.Build.0 = Ad-Hoc|iPhone
		{FBAC7F6D-8C31-4BA5-9BD6-1E37C2029271}.Ad-Hoc|iPhone.Deploy.0 = Ad-Hoc|iPhone
		{FBAC7F6D-8C31-4BA5-9BD6-1E37C2029271}.Ad-Hoc|iPhoneSimulator.ActiveCfg = Ad-Hoc|iPhoneSimulator
		{FBAC7F6D-8C31-4BA5-9BD6-1E37C2029271}.Ad-Hoc|iPhoneSimulator.Build.0 = Ad-Hoc|iPhoneSimulator
		{FBAC7F6D-8C31-4BA5-9BD6-1E37C2029271}.Ad-Hoc|iPhoneSimulator.Deploy.0 = Ad-Hoc|iPhoneSimulator
		{FBAC7F6D-8C31-4BA5-9BD6-1E37C2029271}.Ad-Hoc|x64.ActiveCfg = Ad-Hoc|iPhone
		{FBAC7F6D-8C31-4BA5-9BD6-1E37C2029271}.Ad-Hoc|x64.Build.0 = Ad-Hoc|iPhone
		{FBAC7F6D-8C31-4BA5-9BD6-1E37C2029271}.Ad-Hoc|x64.Deploy.0 = Ad-Hoc|iPhone
		{FBAC7F6D-8C31-4BA5-9BD6-1E37C2029271}.Ad-Hoc|x86.ActiveCfg = Ad-Hoc|iPhone
		{FBAC7F6D-8C31-4BA5-9BD6-1E37C2029271}.Ad-Hoc|x86.Build.0 = Ad-Hoc|iPhone
		{FBAC7F6D-8C31-4BA5-9BD6-1E37C2029271}.Ad-Hoc|x86.Deploy.0 = Ad-Hoc|iPhone
		{FBAC7F6D-8C31-4BA5-9BD6-1E37C2029271}.AppStore|Any CPU.ActiveCfg = AppStore|iPhone
		{FBAC7F6D-8C31-4BA5-9BD6-1E37C2029271}.AppStore|Any CPU.Build.0 = AppStore|iPhone
		{FBAC7F6D-8C31-4BA5-9BD6-1E37C2029271}.AppStore|Any CPU.Deploy.0 = AppStore|iPhone
		{FBAC7F6D-8C31-4BA5-9BD6-1E37C2029271}.AppStore|ARM.ActiveCfg = AppStore|iPhone
		{FBAC7F6D-8C31-4BA5-9BD6-1E37C2029271}.AppStore|ARM.Build.0 = AppStore|iPhone
		{FBAC7F6D-8C31-4BA5-9BD6-1E37C2029271}.AppStore|ARM.Deploy.0 = AppStore|iPhone
		{FBAC7F6D-8C31-4BA5-9BD6-1E37C2029271}.AppStore|iPhone.ActiveCfg = AppStore|iPhone
		{FBAC7F6D-8C31-4BA5-9BD6-1E37C2029271}.AppStore|iPhone.Build.0 = AppStore|iPhone
		{FBAC7F6D-8C31-4BA5-9BD6-1E37C2029271}.AppStore|iPhone.Deploy.0 = AppStore|iPhone
		{FBAC7F6D-8C31-4BA5-9BD6-1E37C2029271}.AppStore|iPhoneSimulator.ActiveCfg = AppStore|iPhoneSimulator
		{FBAC7F6D-8C31-4BA5-9BD6-1E37C2029271}.AppStore|iPhoneSimulator.Build.0 = AppStore|iPhoneSimulator
		{FBAC7F6D-8C31-4BA5-9BD6-1E37C2029271}.AppStore|iPhoneSimulator.Deploy.0 = AppStore|iPhoneSimulator
		{FBAC7F6D-8C31-4BA5-9BD6-1E37C2029271}.AppStore|x64.ActiveCfg = AppStore|iPhone
		{FBAC7F6D-8C31-4BA5-9BD6-1E37C2029271}.AppStore|x64.Build.0 = AppStore|iPhone
		{FBAC7F6D-8C31-4BA5-9BD6-1E37C2029271}.AppStore|x64.Deploy.0 = AppStore|iPhone
		{FBAC7F6D-8C31-4BA5-9BD6-1E37C2029271}.AppStore|x86.ActiveCfg = AppStore|iPhone
		{FBAC7F6D-8C31-4BA5-9BD6-1E37C2029271}.AppStore|x86.Build.0 = AppStore|iPhone
		{FBAC7F6D-8C31-4BA5-9BD6-1E37C2029271}.AppStore|x86.Deploy.0 = AppStore|iPhone
		{FBAC7F6D-8C31-4BA5-9BD6-1E37C2029271}.Debug|Any CPU.ActiveCfg = Debug|iPhoneSimulator
		{FBAC7F6D-8C31-4BA5-9BD6-1E37C2029271}.Debug|Any CPU.Build.0 = Debug|iPhoneSimulator
		{FBAC7F6D-8C31-4BA5-9BD6-1E37C2029271}.Debug|Any CPU.Deploy.0 = Debug|iPhoneSimulator
		{FBAC7F6D-8C31-4BA5-9BD6-1E37C2029271}.Debug|ARM.ActiveCfg = Debug|iPhone
		{FBAC7F6D-8C31-4BA5-9BD6-1E37C2029271}.Debug|ARM.Build.0 = Debug|iPhone
		{FBAC7F6D-8C31-4BA5-9BD6-1E37C2029271}.Debug|ARM.Deploy.0 = Debug|iPhone
		{FBAC7F6D-8C31-4BA5-9BD6-1E37C2029271}.Debug|iPhone.ActiveCfg = Debug|iPhone
		{FBAC7F6D-8C31-4BA5-9BD6-1E37C2029271}.Debug|iPhone.Build.0 = Debug|iPhone
		{FBAC7F6D-8C31-4BA5-9BD6-1E37C2029271}.Debug|iPhone.Deploy.0 = Debug|iPhone
		{FBAC7F6D-8C31-4BA5-9BD6-1E37C2029271}.Debug|iPhoneSimulator.ActiveCfg = Debug|iPhoneSimulator
		{FBAC7F6D-8C31-4BA5-9BD6-1E37C2029271}.Debug|iPhoneSimulator.Build.0 = Debug|iPhoneSimulator
		{FBAC7F6D-8C31-4BA5-9BD6-1E37C2029271}.Debug|iPhoneSimulator.Deploy.0 = Debug|iPhoneSimulator
		{FBAC7F6D-8C31-4BA5-9BD6-1E37C2029271}.Debug|x64.ActiveCfg = Debug|iPhone
		{FBAC7F6D-8C31-4BA5-9BD6-1E37C2029271}.Debug|x64.Build.0 = Debug|iPhone
		{FBAC7F6D-8C31-4BA5-9BD6-1E37C2029271}.Debug|x64.Deploy.0 = Debug|iPhone
		{FBAC7F6D-8C31-4BA5-9BD6-1E37C2029271}.Debug|x86.ActiveCfg = Debug|iPhone
		{FBAC7F6D-8C31-4BA5-9BD6-1E37C2029271}.Debug|x86.Build.0 = Debug|iPhone
		{FBAC7F6D-8C31-4BA5-9BD6-1E37C2029271}.Debug|x86.Deploy.0 = Debug|iPhone
		{FBAC7F6D-8C31-4BA5-9BD6-1E37C2029271}.Release|Any CPU.ActiveCfg = Release|iPhone
		{FBAC7F6D-8C31-4BA5-9BD6-1E37C2029271}.Release|Any CPU.Build.0 = Release|iPhone
		{FBAC7F6D-8C31-4BA5-9BD6-1E37C2029271}.Release|Any CPU.Deploy.0 = Release|iPhone
		{FBAC7F6D-8C31-4BA5-9BD6-1E37C2029271}.Release|ARM.ActiveCfg = Release|iPhone
		{FBAC7F6D-8C31-4BA5-9BD6-1E37C2029271}.Release|ARM.Build.0 = Release|iPhone
		{FBAC7F6D-8C31-4BA5-9BD6-1E37C2029271}.Release|ARM.Deploy.0 = Release|iPhone
		{FBAC7F6D-8C31-4BA5-9BD6-1E37C2029271}.Release|iPhone.ActiveCfg = Release|iPhone
		{FBAC7F6D-8C31-4BA5-9BD6-1E37C2029271}.Release|iPhone.Build.0 = Release|iPhone
		{FBAC7F6D-8C31-4BA5-9BD6-1E37C2029271}.Release|iPhone.Deploy.0 = Release|iPhone
		{FBAC7F6D-8C31-4BA5-9BD6-1E37C2029271}.Release|iPhoneSimulator.ActiveCfg = Release|iPhoneSimulator
		{FBAC7F6D-8C31-4BA5-9BD6-1E37C2029271}.Release|iPhoneSimulator.Build.0 = Release|iPhoneSimulator
		{FBAC7F6D-8C31-4BA5-9BD6-1E37C2029271}.Release|iPhoneSimulator.Deploy.0 = Release|iPhoneSimulator
		{FBAC7F6D-8C31-4BA5-9BD6-1E37C2029271}.Release|x64.ActiveCfg = Release|iPhone
		{FBAC7F6D-8C31-4BA5-9BD6-1E37C2029271}.Release|x64.Build.0 = Release|iPhone
		{FBAC7F6D-8C31-4BA5-9BD6-1E37C2029271}.Release|x64.Deploy.0 = Release|iPhone
		{FBAC7F6D-8C31-4BA5-9BD6-1E37C2029271}.Release|x86.ActiveCfg = Release|iPhone
		{FBAC7F6D-8C31-4BA5-9BD6-1E37C2029271}.Release|x86.Build.0 = Release|iPhone
		{FBAC7F6D-8C31-4BA5-9BD6-1E37C2029271}.Release|x86.Deploy.0 = Release|iPhone
		{F0B828E0-5E05-438F-BC2F-97E2289819A7}.Ad-Hoc|Any CPU.ActiveCfg = Release|x86
		{F0B828E0-5E05-438F-BC2F-97E2289819A7}.Ad-Hoc|Any CPU.Build.0 = Release|x86
		{F0B828E0-5E05-438F-BC2F-97E2289819A7}.Ad-Hoc|Any CPU.Deploy.0 = Release|x86
		{F0B828E0-5E05-438F-BC2F-97E2289819A7}.Ad-Hoc|ARM.ActiveCfg = Release|ARM
		{F0B828E0-5E05-438F-BC2F-97E2289819A7}.Ad-Hoc|ARM.Build.0 = Release|ARM
		{F0B828E0-5E05-438F-BC2F-97E2289819A7}.Ad-Hoc|ARM.Deploy.0 = Release|ARM
		{F0B828E0-5E05-438F-BC2F-97E2289819A7}.Ad-Hoc|iPhone.ActiveCfg = Release|x86
		{F0B828E0-5E05-438F-BC2F-97E2289819A7}.Ad-Hoc|iPhone.Build.0 = Release|x86
		{F0B828E0-5E05-438F-BC2F-97E2289819A7}.Ad-Hoc|iPhone.Deploy.0 = Release|x86
		{F0B828E0-5E05-438F-BC2F-97E2289819A7}.Ad-Hoc|iPhoneSimulator.ActiveCfg = Release|x86
		{F0B828E0-5E05-438F-BC2F-97E2289819A7}.Ad-Hoc|iPhoneSimulator.Build.0 = Release|x86
		{F0B828E0-5E05-438F-BC2F-97E2289819A7}.Ad-Hoc|iPhoneSimulator.Deploy.0 = Release|x86
		{F0B828E0-5E05-438F-BC2F-97E2289819A7}.Ad-Hoc|x64.ActiveCfg = Release|x64
		{F0B828E0-5E05-438F-BC2F-97E2289819A7}.Ad-Hoc|x64.Build.0 = Release|x64
		{F0B828E0-5E05-438F-BC2F-97E2289819A7}.Ad-Hoc|x64.Deploy.0 = Release|x64
		{F0B828E0-5E05-438F-BC2F-97E2289819A7}.Ad-Hoc|x86.ActiveCfg = Release|x86
		{F0B828E0-5E05-438F-BC2F-97E2289819A7}.Ad-Hoc|x86.Build.0 = Release|x86
		{F0B828E0-5E05-438F-BC2F-97E2289819A7}.Ad-Hoc|x86.Deploy.0 = Release|x86
		{F0B828E0-5E05-438F-BC2F-97E2289819A7}.AppStore|Any CPU.ActiveCfg = Release|x86
		{F0B828E0-5E05-438F-BC2F-97E2289819A7}.AppStore|Any CPU.Build.0 = Release|x86
		{F0B828E0-5E05-438F-BC2F-97E2289819A7}.AppStore|Any CPU.Deploy.0 = Release|x86
		{F0B828E0-5E05-438F-BC2F-97E2289819A7}.AppStore|ARM.ActiveCfg = Release|ARM
		{F0B828E0-5E05-438F-BC2F-97E2289819A7}.AppStore|ARM.Build.0 = Release|ARM
		{F0B828E0-5E05-438F-BC2F-97E2289819A7}.AppStore|ARM.Deploy.0 = Release|ARM
		{F0B828E0-5E05-438F-BC2F-97E2289819A7}.AppStore|iPhone.ActiveCfg = Release|x86
		{F0B828E0-5E05-438F-BC2F-97E2289819A7}.AppStore|iPhone.Build.0 = Release|x86
		{F0B828E0-5E05-438F-BC2F-97E2289819A7}.AppStore|iPhone.Deploy.0 = Release|x86
		{F0B828E0-5E05-438F-BC2F-97E2289819A7}.AppStore|iPhoneSimulator.ActiveCfg = Release|x86
		{F0B828E0-5E05-438F-BC2F-97E2289819A7}.AppStore|iPhoneSimulator.Build.0 = Release|x86
		{F0B828E0-5E05-438F-BC2F-97E2289819A7}.AppStore|iPhoneSimulator.Deploy.0 = Release|x86
		{F0B828E0-5E05-438F-BC2F-97E2289819A7}.AppStore|x64.ActiveCfg = Release|x64
		{F0B828E0-5E05-438F-BC2F-97E2289819A7}.AppStore|x64.Build.0 = Release|x64
		{F0B828E0-5E05-438F-BC2F-97E2289819A7}.AppStore|x64.Deploy.0 = Release|x64
		{F0B828E0-5E05-438F-BC2F-97E2289819A7}.AppStore|x86.ActiveCfg = Release|x86
		{F0B828E0-5E05-438F-BC2F-97E2289819A7}.AppStore|x86.Build.0 = Release|x86
		{F0B828E0-5E05-438F-BC2F-97E2289819A7}.AppStore|x86.Deploy.0 = Release|x86
		{F0B828E0-5E05-438F-BC2F-97E2289819A7}.Debug|Any CPU.ActiveCfg = Debug|x86
		{F0B828E0-5E05-438F-BC2F-97E2289819A7}.Debug|Any CPU.Build.0 = Debug|x86
		{F0B828E0-5E05-438F-BC2F-97E2289819A7}.Debug|Any CPU.Deploy.0 = Debug|x86
		{F0B828E0-5E05-438F-BC2F-97E2289819A7}.Debug|ARM.ActiveCfg = Debug|ARM
		{F0B828E0-5E05-438F-BC2F-97E2289819A7}.Debug|ARM.Build.0 = Debug|ARM
		{F0B828E0-5E05-438F-BC2F-97E2289819A7}.Debug|ARM.Deploy.0 = Debug|ARM
		{F0B828E0-5E05-438F-BC2F-97E2289819A7}.Debug|iPhone.ActiveCfg = Debug|x86
		{F0B828E0-5E05-438F-BC2F-97E2289819A7}.Debug|iPhone.Build.0 = Debug|x86
		{F0B828E0-5E05-438F-BC2F-97E2289819A7}.Debug|iPhone.Deploy.0 = Debug|x86
		{F0B828E0-5E05-438F-BC2F-97E2289819A7}.Debug|iPhoneSimulator.ActiveCfg = Debug|x86
		{F0B828E0-5E05-438F-BC2F-97E2289819A7}.Debug|iPhoneSimulator.Build.0 = Debug|x86
		{F0B828E0-5E05-438F-BC2F-97E2289819A7}.Debug|iPhoneSimulator.Deploy.0 = Debug|x86
		{F0B828E0-5E05-438F-BC2F-97E2289819A7}.Debug|x64.ActiveCfg = Debug|x64
		{F0B828E0-5E05-438F-BC2F-97E2289819A7}.Debug|x64.Build.0 = Debug|x64
		{F0B828E0-5E05-438F-BC2F-97E2289819A7}.Debug|x64.Deploy.0 = Debug|x64
		{F0B828E0-5E05-438F-BC2F-97E2289819A7}.Debug|x86.ActiveCfg = Debug|x86
		{F0B828E0-5E05-438F-BC2F-97E2289819A7}.Debug|x86.Build.0 = Debug|x86
		{F0B828E0-5E05-438F-BC2F-97E2289819A7}.Debug|x86.Deploy.0 = Debug|x86
		{F0B828E0-5E05-438F-BC2F-97E2289819A7}.Release|Any CPU.ActiveCfg = Release|x86
		{F0B828E0-5E05-438F-BC2F-97E2289819A7}.Release|Any CPU.Build.0 = Release|x86
		{F0B828E0-5E05-438F-BC2F-97E2289819A7}.Release|Any CPU.Deploy.0 = Release|x86
		{F0B828E0-5E05-438F-BC2F-97E2289819A7}.Release|ARM.ActiveCfg = Release|ARM
		{F0B828E0-5E05-438F-BC2F-97E2289819A7}.Release|ARM.Build.0 = Release|ARM
		{F0B828E0-5E05-438F-BC2F-97E2289819A7}.Release|ARM.Deploy.0 = Release|ARM
		{F0B828E0-5E05-438F-BC2F-97E2289819A7}.Release|iPhone.ActiveCfg = Release|x86
		{F0B828E0-5E05-438F-BC2F-97E2289819A7}.Release|iPhone.Build.0 = Release|x86
		{F0B828E0-5E05-438F-BC2F-97E2289819A7}.Release|iPhone.Deploy.0 = Release|x86
		{F0B828E0-5E05-438F-BC2F-97E2289819A7}.Release|iPhoneSimulator.ActiveCfg = Release|x86
		{F0B828E0-5E05-438F-BC2F-97E2289819A7}.Release|iPhoneSimulator.Build.0 = Release|x86
		{F0B828E0-5E05-438F-BC2F-97E2289819A7}.Release|iPhoneSimulator.Deploy.0 = Release|x86
		{F0B828E0-5E05-438F-BC2F-97E2289819A7}.Release|x64.ActiveCfg = Release|x64
		{F0B828E0-5E05-438F-BC2F-97E2289819A7}.Release|x64.Build.0 = Release|x64
		{F0B828E0-5E05-438F-BC2F-97E2289819A7}.Release|x64.Deploy.0 = Release|x64
		{F0B828E0-5E05-438F-BC2F-97E2289819A7}.Release|x86.ActiveCfg = Release|x86
		{F0B828E0-5E05-438F-BC2F-97E2289819A7}.Release|x86.Build.0 = Release|x86
		{F0B828E0-5E05-438F-BC2F-97E2289819A7}.Release|x86.Deploy.0 = Release|x86
		{36E4E111-4558-4F4B-B9F8-36B3759DFF1D}.Ad-Hoc|Any CPU.ActiveCfg = Debug|Any CPU
		{36E4E111-4558-4F4B-B9F8-36B3759DFF1D}.Ad-Hoc|Any CPU.Build.0 = Debug|Any CPU
		{36E4E111-4558-4F4B-B9F8-36B3759DFF1D}.Ad-Hoc|Any CPU.Deploy.0 = Debug|Any CPU
		{36E4E111-4558-4F4B-B9F8-36B3759DFF1D}.Ad-Hoc|ARM.ActiveCfg = Debug|Any CPU
		{36E4E111-4558-4F4B-B9F8-36B3759DFF1D}.Ad-Hoc|ARM.Build.0 = Debug|Any CPU
		{36E4E111-4558-4F4B-B9F8-36B3759DFF1D}.Ad-Hoc|ARM.Deploy.0 = Debug|Any CPU
		{36E4E111-4558-4F4B-B9F8-36B3759DFF1D}.Ad-Hoc|iPhone.ActiveCfg = Debug|Any CPU
		{36E4E111-4558-4F4B-B9F8-36B3759DFF1D}.Ad-Hoc|iPhone.Build.0 = Debug|Any CPU
		{36E4E111-4558-4F4B-B9F8-36B3759DFF1D}.Ad-Hoc|iPhone.Deploy.0 = Debug|Any CPU
		{36E4E111-4558-4F4B-B9F8-36B3759DFF1D}.Ad-Hoc|iPhoneSimulator.ActiveCfg = Debug|Any CPU
		{36E4E111-4558-4F4B-B9F8-36B3759DFF1D}.Ad-Hoc|iPhoneSimulator.Build.0 = Debug|Any CPU
		{36E4E111-4558-4F4B-B9F8-36B3759DFF1D}.Ad-Hoc|iPhoneSimulator.Deploy.0 = Debug|Any CPU
		{36E4E111-4558-4F4B-B9F8-36B3759DFF1D}.Ad-Hoc|x64.ActiveCfg = Debug|Any CPU
		{36E4E111-4558-4F4B-B9F8-36B3759DFF1D}.Ad-Hoc|x64.Build.0 = Debug|Any CPU
		{36E4E111-4558-4F4B-B9F8-36B3759DFF1D}.Ad-Hoc|x64.Deploy.0 = Debug|Any CPU
		{36E4E111-4558-4F4B-B9F8-36B3759DFF1D}.Ad-Hoc|x86.ActiveCfg = Debug|Any CPU
		{36E4E111-4558-4F4B-B9F8-36B3759DFF1D}.Ad-Hoc|x86.Build.0 = Debug|Any CPU
		{36E4E111-4558-4F4B-B9F8-36B3759DFF1D}.Ad-Hoc|x86.Deploy.0 = Debug|Any CPU
		{36E4E111-4558-4F4B-B9F8-36B3759DFF1D}.AppStore|Any CPU.ActiveCfg = Debug|Any CPU
		{36E4E111-4558-4F4B-B9F8-36B3759DFF1D}.AppStore|Any CPU.Build.0 = Debug|Any CPU
		{36E4E111-4558-4F4B-B9F8-36B3759DFF1D}.AppStore|Any CPU.Deploy.0 = Debug|Any CPU
		{36E4E111-4558-4F4B-B9F8-36B3759DFF1D}.AppStore|ARM.ActiveCfg = Debug|Any CPU
		{36E4E111-4558-4F4B-B9F8-36B3759DFF1D}.AppStore|ARM.Build.0 = Debug|Any CPU
		{36E4E111-4558-4F4B-B9F8-36B3759DFF1D}.AppStore|ARM.Deploy.0 = Debug|Any CPU
		{36E4E111-4558-4F4B-B9F8-36B3759DFF1D}.AppStore|iPhone.ActiveCfg = Debug|Any CPU
		{36E4E111-4558-4F4B-B9F8-36B3759DFF1D}.AppStore|iPhone.Build.0 = Debug|Any CPU
		{36E4E111-4558-4F4B-B9F8-36B3759DFF1D}.AppStore|iPhone.Deploy.0 = Debug|Any CPU
		{36E4E111-4558-4F4B-B9F8-36B3759DFF1D}.AppStore|iPhoneSimulator.ActiveCfg = Debug|Any CPU
		{36E4E111-4558-4F4B-B9F8-36B3759DFF1D}.AppStore|iPhoneSimulator.Build.0 = Debug|Any CPU
		{36E4E111-4558-4F4B-B9F8-36B3759DFF1D}.AppStore|iPhoneSimulator.Deploy.0 = Debug|Any CPU
		{36E4E111-4558-4F4B-B9F8-36B3759DFF1D}.AppStore|x64.ActiveCfg = Debug|Any CPU
		{36E4E111-4558-4F4B-B9F8-36B3759DFF1D}.AppStore|x64.Build.0 = Debug|Any CPU
		{36E4E111-4558-4F4B-B9F8-36B3759DFF1D}.AppStore|x64.Deploy.0 = Debug|Any CPU
		{36E4E111-4558-4F4B-B9F8-36B3759DFF1D}.AppStore|x86.ActiveCfg = Debug|Any CPU
		{36E4E111-4558-4F4B-B9F8-36B3759DFF1D}.AppStore|x86.Build.0 = Debug|Any CPU
		{36E4E111-4558-4F4B-B9F8-36B3759DFF1D}.AppStore|x86.Deploy.0 = Debug|Any CPU
		{36E4E111-4558-4F4B-B9F8-36B3759DFF1D}.Debug|Any CPU.ActiveCfg = Debug|Any CPU
		{36E4E111-4558-4F4B-B9F8-36B3759DFF1D}.Debug|Any CPU.Build.0 = Debug|Any CPU
		{36E4E111-4558-4F4B-B9F8-36B3759DFF1D}.Debug|Any CPU.Deploy.0 = Debug|Any CPU
		{36E4E111-4558-4F4B-B9F8-36B3759DFF1D}.Debug|ARM.ActiveCfg = Debug|Any CPU
		{36E4E111-4558-4F4B-B9F8-36B3759DFF1D}.Debug|ARM.Build.0 = Debug|Any CPU
		{36E4E111-4558-4F4B-B9F8-36B3759DFF1D}.Debug|ARM.Deploy.0 = Debug|Any CPU
		{36E4E111-4558-4F4B-B9F8-36B3759DFF1D}.Debug|iPhone.ActiveCfg = Debug|Any CPU
		{36E4E111-4558-4F4B-B9F8-36B3759DFF1D}.Debug|iPhone.Build.0 = Debug|Any CPU
		{36E4E111-4558-4F4B-B9F8-36B3759DFF1D}.Debug|iPhone.Deploy.0 = Debug|Any CPU
		{36E4E111-4558-4F4B-B9F8-36B3759DFF1D}.Debug|iPhoneSimulator.ActiveCfg = Debug|Any CPU
		{36E4E111-4558-4F4B-B9F8-36B3759DFF1D}.Debug|iPhoneSimulator.Build.0 = Debug|Any CPU
		{36E4E111-4558-4F4B-B9F8-36B3759DFF1D}.Debug|iPhoneSimulator.Deploy.0 = Debug|Any CPU
		{36E4E111-4558-4F4B-B9F8-36B3759DFF1D}.Debug|x64.ActiveCfg = Debug|Any CPU
		{36E4E111-4558-4F4B-B9F8-36B3759DFF1D}.Debug|x64.Build.0 = Debug|Any CPU
		{36E4E111-4558-4F4B-B9F8-36B3759DFF1D}.Debug|x64.Deploy.0 = Debug|Any CPU
		{36E4E111-4558-4F4B-B9F8-36B3759DFF1D}.Debug|x86.ActiveCfg = Debug|Any CPU
		{36E4E111-4558-4F4B-B9F8-36B3759DFF1D}.Debug|x86.Build.0 = Debug|Any CPU
		{36E4E111-4558-4F4B-B9F8-36B3759DFF1D}.Debug|x86.Deploy.0 = Debug|Any CPU
		{36E4E111-4558-4F4B-B9F8-36B3759DFF1D}.Release|Any CPU.ActiveCfg = Release|Any CPU
		{36E4E111-4558-4F4B-B9F8-36B3759DFF1D}.Release|Any CPU.Build.0 = Release|Any CPU
		{36E4E111-4558-4F4B-B9F8-36B3759DFF1D}.Release|Any CPU.Deploy.0 = Release|Any CPU
		{36E4E111-4558-4F4B-B9F8-36B3759DFF1D}.Release|ARM.ActiveCfg = Release|Any CPU
		{36E4E111-4558-4F4B-B9F8-36B3759DFF1D}.Release|ARM.Build.0 = Release|Any CPU
		{36E4E111-4558-4F4B-B9F8-36B3759DFF1D}.Release|ARM.Deploy.0 = Release|Any CPU
		{36E4E111-4558-4F4B-B9F8-36B3759DFF1D}.Release|iPhone.ActiveCfg = Release|Any CPU
		{36E4E111-4558-4F4B-B9F8-36B3759DFF1D}.Release|iPhone.Build.0 = Release|Any CPU
		{36E4E111-4558-4F4B-B9F8-36B3759DFF1D}.Release|iPhone.Deploy.0 = Release|Any CPU
		{36E4E111-4558-4F4B-B9F8-36B3759DFF1D}.Release|iPhoneSimulator.ActiveCfg = Release|Any CPU
		{36E4E111-4558-4F4B-B9F8-36B3759DFF1D}.Release|iPhoneSimulator.Build.0 = Release|Any CPU
		{36E4E111-4558-4F4B-B9F8-36B3759DFF1D}.Release|iPhoneSimulator.Deploy.0 = Release|Any CPU
		{36E4E111-4558-4F4B-B9F8-36B3759DFF1D}.Release|x64.ActiveCfg = Release|Any CPU
		{36E4E111-4558-4F4B-B9F8-36B3759DFF1D}.Release|x64.Build.0 = Release|Any CPU
		{36E4E111-4558-4F4B-B9F8-36B3759DFF1D}.Release|x64.Deploy.0 = Release|Any CPU
		{36E4E111-4558-4F4B-B9F8-36B3759DFF1D}.Release|x86.ActiveCfg = Release|Any CPU
		{36E4E111-4558-4F4B-B9F8-36B3759DFF1D}.Release|x86.Build.0 = Release|Any CPU
		{36E4E111-4558-4F4B-B9F8-36B3759DFF1D}.Release|x86.Deploy.0 = Release|Any CPU
	EndGlobalSection
	GlobalSection(SolutionProperties) = preSolution
		HideSolutionNode = FALSE
	EndGlobalSection
	GlobalSection(ExtensibilityGlobals) = postSolution
		SolutionGuid = {7336F19D-F390-4770-BF61-6075F3AB5D03}
	EndGlobalSection
EndGlobal
